
Microsoft Visual Studio Solution File, Format Version 12.00
# Visual Studio 2013
VisualStudioVersion = 12.0.21005.1
MinimumVisualStudioVersion = 10.0.40219.1
Project("{8BC9CEB8-8B4A-11D0-8D11-00A0C91BC942}") = "LCD_Test1", "LCD_Test1\LCD_Test1.vcxproj", "{862B3990-D876-4A0D-81AC-C6D30DD7EAD0}"
EndProject
Global
	GlobalSection(SolutionConfigurationPlatforms) = preSolution
		Debug|Win32 = Debug|Win32
		Release|Win32 = Release|Win32
	EndGlobalSection
	GlobalSection(ProjectConfigurationPlatforms) = postSolution
		{862B3990-D876-4A0D-81AC-C6D30DD7EAD0}.Debug|Win32.ActiveCfg = Debug|Win32
		{862B3990-D876-4A0D-81AC-C6D30DD7EAD0}.Debug|Win32.Build.0 = Debug|Win32
		{862B3990-D876-4A0D-81AC-C6D30DD7EAD0}.Release|Win32.ActiveCfg = Release|Win32
		{862B3990-D876-4A0D-81AC-C6D30DD7EAD0}.Release|Win32.Build.0 = Release|Win32
	EndGlobalSection
	GlobalSection(SolutionProperties) = preSolution
		HideSolutionNode = FALSE
	EndGlobalSection
EndGlobal
